
Microsoft Visual Studio Solution File, Format Version 12.00
# Visual Studio Version 17
VisualStudioVersion = 17.0.32014.148
MinimumVisualStudioVersion = 10.0.40219.1
Project("{9A19103F-16F7-4668-BE54-9A1E7A4F7556}") = "Thesaurus_Console", "Thesaurus_Console\Thesaurus_Console.csproj", "{3F586559-9DC2-4BD1-96C0-81E102AE64B9}"
EndProject
Project("{9A19103F-16F7-4668-BE54-9A1E7A4F7556}") = "Thesaurus.BusinessModel", "Thesaurus\Thesaurus.BusinessModel.csproj", "{A8979E72-3344-4316-8858-1A7A775E1DEE}"
EndProject
Project("{9A19103F-16F7-4668-BE54-9A1E7A4F7556}") = "Thesaurus.Models", "Thesaurus.Model\Thesaurus.Models.csproj", "{48BA7EEF-8226-423E-B969-C8482C31B03D}"
EndProject
Project("{FAE04EC0-301F-11D3-BF4B-00C04F79EFBC}") = "Thesaurus.DataAccessing", "Thesaurus.DataAccess\Thesaurus.DataAccessing.csproj", "{9F89F8AD-554A-426E-89E1-8418BD7B0FBD}"
EndProject
Global
	GlobalSection(SolutionConfigurationPlatforms) = preSolution
		Debug|Any CPU = Debug|Any CPU
		Release|Any CPU = Release|Any CPU
	EndGlobalSection
	GlobalSection(ProjectConfigurationPlatforms) = postSolution
		{3F586559-9DC2-4BD1-96C0-81E102AE64B9}.Debug|Any CPU.ActiveCfg = Debug|Any CPU
		{3F586559-9DC2-4BD1-96C0-81E102AE64B9}.Debug|Any CPU.Build.0 = Debug|Any CPU
		{3F586559-9DC2-4BD1-96C0-81E102AE64B9}.Release|Any CPU.ActiveCfg = Release|Any CPU
		{3F586559-9DC2-4BD1-96C0-81E102AE64B9}.Release|Any CPU.Build.0 = Release|Any CPU
		{A8979E72-3344-4316-8858-1A7A775E1DEE}.Debug|Any CPU.ActiveCfg = Debug|Any CPU
		{A8979E72-3344-4316-8858-1A7A775E1DEE}.Debug|Any CPU.Build.0 = Debug|Any CPU
		{A8979E72-3344-4316-8858-1A7A775E1DEE}.Release|Any CPU.ActiveCfg = Release|Any CPU
		{A8979E72-3344-4316-8858-1A7A775E1DEE}.Release|Any CPU.Build.0 = Release|Any CPU
		{48BA7EEF-8226-423E-B969-C8482C31B03D}.Debug|Any CPU.ActiveCfg = Debug|Any CPU
		{48BA7EEF-8226-423E-B969-C8482C31B03D}.Debug|Any CPU.Build.0 = Debug|Any CPU
		{48BA7EEF-8226-423E-B969-C8482C31B03D}.Release|Any CPU.ActiveCfg = Release|Any CPU
		{48BA7EEF-8226-423E-B969-C8482C31B03D}.Release|Any CPU.Build.0 = Release|Any CPU
		{9F89F8AD-554A-426E-89E1-8418BD7B0FBD}.Debug|Any CPU.ActiveCfg = Debug|Any CPU
		{9F89F8AD-554A-426E-89E1-8418BD7B0FBD}.Debug|Any CPU.Build.0 = Debug|Any CPU
		{9F89F8AD-554A-426E-89E1-8418BD7B0FBD}.Release|Any CPU.ActiveCfg = Release|Any CPU
		{9F89F8AD-554A-426E-89E1-8418BD7B0FBD}.Release|Any CPU.Build.0 = Release|Any CPU
	EndGlobalSection
	GlobalSection(SolutionProperties) = preSolution
		HideSolutionNode = FALSE
	EndGlobalSection
	GlobalSection(ExtensibilityGlobals) = postSolution
		SolutionGuid = {FD0C24CF-2D62-41EB-8220-24F96A6654F6}
	EndGlobalSection
EndGlobal
